
Microsoft Visual Studio Solution File, Format Version 12.00
# Visual Studio Version 17
VisualStudioVersion = 17.9.34728.123
MinimumVisualStudioVersion = 10.0.40219.1
Project("{9A19103F-16F7-4668-BE54-9A1E7A4F7556}") = "SupportShortcuts", "SupportShortcuts\SupportShortcuts.csproj", "{4C5EE2A6-0708-4381-A29C-B5068F5DA0DB}"
EndProject
Global
	GlobalSection(SolutionConfigurationPlatforms) = preSolution
		Debug|Any CPU = Debug|Any CPU
		Release|Any CPU = Release|Any CPU
	EndGlobalSection
	GlobalSection(ProjectConfigurationPlatforms) = postSolution
		{4C5EE2A6-0708-4381-A29C-B5068F5DA0DB}.Debug|Any CPU.ActiveCfg = Debug|Any CPU
		{4C5EE2A6-0708-4381-A29C-B5068F5DA0DB}.Debug|Any CPU.Build.0 = Debug|Any CPU
		{4C5EE2A6-0708-4381-A29C-B5068F5DA0DB}.Release|Any CPU.ActiveCfg = Release|Any CPU
		{4C5EE2A6-0708-4381-A29C-B5068F5DA0DB}.Release|Any CPU.Build.0 = Release|Any CPU
	EndGlobalSection
	GlobalSection(SolutionProperties) = preSolution
		HideSolutionNode = FALSE
	EndGlobalSection
	GlobalSection(ExtensibilityGlobals) = postSolution
		SolutionGuid = {A9D97F2B-5BB8-4AD4-99F1-1F92BB738624}
	EndGlobalSection
EndGlobal
